
Microsoft Visual Studio Solution File, Format Version 12.00
# Visual Studio Version 16
VisualStudioVersion = 16.0.32106.194
MinimumVisualStudioVersion = 10.0.40219.1
Project("{FAE04EC0-301F-11D3-BF4B-00C04F79EFBC}") = "NetZad1", "NetZad1.csproj", "{F596D704-D9B7-441F-8401-6A1326355E12}"
EndProject
Global
	GlobalSection(SolutionConfigurationPlatforms) = preSolution
		Debug|Any CPU = Debug|Any CPU
		Release|Any CPU = Release|Any CPU
	EndGlobalSection
	GlobalSection(ProjectConfigurationPlatforms) = postSolution
		{F596D704-D9B7-441F-8401-6A1326355E12}.Debug|Any CPU.ActiveCfg = Debug|Any CPU
		{F596D704-D9B7-441F-8401-6A1326355E12}.Debug|Any CPU.Build.0 = Debug|Any CPU
		{F596D704-D9B7-441F-8401-6A1326355E12}.Release|Any CPU.ActiveCfg = Release|Any CPU
		{F596D704-D9B7-441F-8401-6A1326355E12}.Release|Any CPU.Build.0 = Release|Any CPU
	EndGlobalSection
	GlobalSection(SolutionProperties) = preSolution
		HideSolutionNode = FALSE
	EndGlobalSection
	GlobalSection(ExtensibilityGlobals) = postSolution
		SolutionGuid = {618828B1-B22A-4EB2-AA31-3175D8EB5DB4}
	EndGlobalSection
EndGlobal
